
Microsoft Visual Studio Solution File, Format Version 12.00
# Visual Studio 14
VisualStudioVersion = 14.0.24720.0
MinimumVisualStudioVersion = 10.0.40219.1
Project("{FAE04EC0-301F-11D3-BF4B-00C04F79EFBC}") = "ConsoleApp.CommandLine", "ConsoleApp.CommandLine\ConsoleApp.CommandLine.csproj", "{0CDAE464-077F-4EFC-81B0-6D19006E4043}"
EndProject
Project("{FAE04EC0-301F-11D3-BF4B-00C04F79EFBC}") = "ConsoleApp.CommandLine.Tests", "ConsoleApp.CommandLine.Tests\ConsoleApp.CommandLine.Tests.csproj", "{68EE5778-7622-4584-9055-77D18B831C7A}"
EndProject
Project("{FAE04EC0-301F-11D3-BF4B-00C04F79EFBC}") = "ConsoleApp.CommandLine.Example", "ConsoleApp.CommandLine.Example\ConsoleApp.CommandLine.Example.csproj", "{38651062-5DDF-493D-A847-EB7591F6A375}"
EndProject
Global
	GlobalSection(SolutionConfigurationPlatforms) = preSolution
		Debug|Any CPU = Debug|Any CPU
		Release|Any CPU = Release|Any CPU
	EndGlobalSection
	GlobalSection(ProjectConfigurationPlatforms) = postSolution
		{0CDAE464-077F-4EFC-81B0-6D19006E4043}.Debug|Any CPU.ActiveCfg = Debug|Any CPU
		{0CDAE464-077F-4EFC-81B0-6D19006E4043}.Debug|Any CPU.Build.0 = Debug|Any CPU
		{0CDAE464-077F-4EFC-81B0-6D19006E4043}.Release|Any CPU.ActiveCfg = Release|Any CPU
		{0CDAE464-077F-4EFC-81B0-6D19006E4043}.Release|Any CPU.Build.0 = Release|Any CPU
		{68EE5778-7622-4584-9055-77D18B831C7A}.Debug|Any CPU.ActiveCfg = Debug|Any CPU
		{68EE5778-7622-4584-9055-77D18B831C7A}.Debug|Any CPU.Build.0 = Debug|Any CPU
		{68EE5778-7622-4584-9055-77D18B831C7A}.Release|Any CPU.ActiveCfg = Release|Any CPU
		{68EE5778-7622-4584-9055-77D18B831C7A}.Release|Any CPU.Build.0 = Release|Any CPU
		{38651062-5DDF-493D-A847-EB7591F6A375}.Debug|Any CPU.ActiveCfg = Debug|Any CPU
		{38651062-5DDF-493D-A847-EB7591F6A375}.Debug|Any CPU.Build.0 = Debug|Any CPU
		{38651062-5DDF-493D-A847-EB7591F6A375}.Release|Any CPU.ActiveCfg = Release|Any CPU
		{38651062-5DDF-493D-A847-EB7591F6A375}.Release|Any CPU.Build.0 = Release|Any CPU
	EndGlobalSection
	GlobalSection(SolutionProperties) = preSolution
		HideSolutionNode = FALSE
	EndGlobalSection
EndGlobal
